
Microsoft Visual Studio Solution File, Format Version 12.00
# Visual Studio 14
VisualStudioVersion = 14.0.25420.1
MinimumVisualStudioVersion = 10.0.40219.1
Project("{FAE04EC0-301F-11D3-BF4B-00C04F79EFBC}") = "Plaintext_Ciphertext", "Plaintext_Ciphertext\Plaintext_Ciphertext.csproj", "{15DA736F-F1C4-44D8-8ACA-20467182A8CE}"
EndProject
Global
	GlobalSection(SolutionConfigurationPlatforms) = preSolution
		Debug|Any CPU = Debug|Any CPU
		Release|Any CPU = Release|Any CPU
	EndGlobalSection
	GlobalSection(ProjectConfigurationPlatforms) = postSolution
		{15DA736F-F1C4-44D8-8ACA-20467182A8CE}.Debug|Any CPU.ActiveCfg = Debug|Any CPU
		{15DA736F-F1C4-44D8-8ACA-20467182A8CE}.Debug|Any CPU.Build.0 = Debug|Any CPU
		{15DA736F-F1C4-44D8-8ACA-20467182A8CE}.Release|Any CPU.ActiveCfg = Release|Any CPU
		{15DA736F-F1C4-44D8-8ACA-20467182A8CE}.Release|Any CPU.Build.0 = Release|Any CPU
	EndGlobalSection
	GlobalSection(SolutionProperties) = preSolution
		HideSolutionNode = FALSE
	EndGlobalSection
EndGlobal
